
Microsoft Visual Studio Solution File, Format Version 12.00
# Visual Studio 15
VisualStudioVersion = 15.0.27130.2027
MinimumVisualStudioVersion = 10.0.40219.1
Project("{9A19103F-16F7-4668-BE54-9A1E7A4F7556}") = "LoveNes", "LoveNes\LoveNes.csproj", "{BD55CBAB-8977-4225-9C4E-35D46475D09D}"
EndProject
Project("{2150E333-8FDC-42A3-9474-1A3956D46DE8}") = "Common", "Common", "{BDC4A60A-1666-4176-A8E9-3912C22EF808}"
EndProject
Project("{2150E333-8FDC-42A3-9474-1A3956D46DE8}") = "Clients", "Clients", "{CB36244F-4840-4FA7-82E9-AEDFC3932A20}"
EndProject
Project("{9A19103F-16F7-4668-BE54-9A1E7A4F7556}") = "LoveNes.Cli", "LoveNes.Cli\LoveNes.Cli.csproj", "{813C5012-66D6-4B1F-8116-37BD03B51D66}"
EndProject
Global
	GlobalSection(SolutionConfigurationPlatforms) = preSolution
		Debug|Any CPU = Debug|Any CPU
		Release|Any CPU = Release|Any CPU
	EndGlobalSection
	GlobalSection(ProjectConfigurationPlatforms) = postSolution
		{BD55CBAB-8977-4225-9C4E-35D46475D09D}.Debug|Any CPU.ActiveCfg = Debug|Any CPU
		{BD55CBAB-8977-4225-9C4E-35D46475D09D}.Debug|Any CPU.Build.0 = Debug|Any CPU
		{BD55CBAB-8977-4225-9C4E-35D46475D09D}.Release|Any CPU.ActiveCfg = Release|Any CPU
		{BD55CBAB-8977-4225-9C4E-35D46475D09D}.Release|Any CPU.Build.0 = Release|Any CPU
		{813C5012-66D6-4B1F-8116-37BD03B51D66}.Debug|Any CPU.ActiveCfg = Debug|Any CPU
		{813C5012-66D6-4B1F-8116-37BD03B51D66}.Debug|Any CPU.Build.0 = Debug|Any CPU
		{813C5012-66D6-4B1F-8116-37BD03B51D66}.Release|Any CPU.ActiveCfg = Release|Any CPU
		{813C5012-66D6-4B1F-8116-37BD03B51D66}.Release|Any CPU.Build.0 = Release|Any CPU
	EndGlobalSection
	GlobalSection(SolutionProperties) = preSolution
		HideSolutionNode = FALSE
	EndGlobalSection
	GlobalSection(NestedProjects) = preSolution
		{BD55CBAB-8977-4225-9C4E-35D46475D09D} = {BDC4A60A-1666-4176-A8E9-3912C22EF808}
		{813C5012-66D6-4B1F-8116-37BD03B51D66} = {CB36244F-4840-4FA7-82E9-AEDFC3932A20}
	EndGlobalSection
	GlobalSection(ExtensibilityGlobals) = postSolution
		SolutionGuid = {1E2721E0-1F85-404D-AC54-18951E040686}
	EndGlobalSection
EndGlobal
